hash: 46813949a8499af1e1c234712a5fc16cd2f556001b6a14360e72ee256368c829
updated: 2017-05-25T13:06:55.447026741+02:00
imports:
- name: github.com/containous/flaeg
  version: a731c034dda967333efce5f8d276aeff11f8ff87
- name: github.com/golang/protobuf
  version: 18c9bb3261723cd5401db4d0c9fbc5c3b6c70fe8
  subpackages:
  - proto
- name: github.com/google/go-github
  version: c03cf196876fc0b7cf8db2516848536778ea4e29
  subpackages:
  - github
- name: github.com/google/go-querystring
  version: 53e6ce116135b80d037921a7fdd5138cf32d7a8a
  subpackages:
  - query
- name: github.com/ogier/pflag
  version: 45c278ab3607870051a2ea9040bb85fcb8557481
- name: github.com/stretchr/testify
  version: b8dc1cecf15bdaf1988d9e87aa7cd98d899a06d6
- name: golang.org/x/net
  version: 242b6b35177ec3909636b6cf6a47e8c2c6324b5d
  subpackages:
  - context
- name: golang.org/x/oauth2
  version: 7fdf09982454086d5570c7db3e11f360194830ca
  subpackages:
  - internal
- name: google.golang.org/appengine
  version: 170382fa85b10b94728989dfcf6cc818b335c952
  subpackages:
  - internal
  - internal/app_identity
  - internal/base
  - internal/datastore
  - internal/log
  - internal/modules
  - internal/remote_api
  - internal/urlfetch
  - urlfetch
testImports: []
