# This file is autogenerated, do not edit; changes may be undone by the next 'dep ensure'.


[[projects]]
  branch = "master"
  name = "github.com/containous/flaeg"
  packages = ["."]
  revision = "b5d2dc5878df07c2d74413348186982e7b865871"

[[projects]]
  name = "github.com/davecgh/go-spew"
  packages = ["spew"]
  revision = "346938d642f2ec3594ed81d874461961cd0faa76"
  version = "v1.1.0"

[[projects]]
  branch = "master"
  name = "github.com/golang/protobuf"
  packages = ["proto"]
  revision = "1909bc2f63dc92bb931deace8b8312c4db72d12f"

[[projects]]
  branch = "master"
  name = "github.com/google/go-github"
  packages = ["github"]
  revision = "6afafa88c26eb51b33a8307c944bd2f0ef227af7"

[[projects]]
  branch = "master"
  name = "github.com/google/go-querystring"
  packages = ["query"]
  revision = "53e6ce116135b80d037921a7fdd5138cf32d7a8a"

[[projects]]
  name = "github.com/ogier/pflag"
  packages = ["."]
  revision = "32a05c62658bd1d7c7e75cbc8195de5d585fde0f"
  version = "v0.0.1"

[[projects]]
  name = "github.com/pmezard/go-difflib"
  packages = ["difflib"]
  revision = "792786c7400a136282c1664665ae0a8db921c6c2"
  version = "v1.0.0"

[[projects]]
  branch = "master"
  name = "github.com/stretchr/testify"
  packages = ["assert"]
  revision = "890a5c3458b43e6104ff5da8dfa139d013d77544"

[[projects]]
  branch = "master"
  name = "golang.org/x/net"
  packages = ["context","context/ctxhttp"]
  revision = "1c05540f6879653db88113bc4a2b70aec4bd491f"

[[projects]]
  branch = "master"
  name = "golang.org/x/oauth2"
  packages = [".","internal"]
  revision = "9a379c6b3e95a790ffc43293c2a78dee0d7b6e20"

[[projects]]
  name = "google.golang.org/appengine"
  packages = [".","internal","internal/app_identity","internal/base","internal/datastore","internal/log","internal/modules","internal/remote_api","internal/urlfetch","urlfetch"]
  revision = "150dc57a1b433e64154302bdc40b6bb8aefa313a"
  version = "v1.0.0"

[solve-meta]
  analyzer-name = "dep"
  analyzer-version = 1
  inputs-digest = "fddcdcb3ffa134f89cc6f2ee6303ab648f6df91221f85545f61fbc76d1d053cf"
  solver-name = "gps-cdcl"
  solver-version = 1
