# This file is autogenerated, do not edit; changes may be undone by the next 'dep ensure'.


[[projects]]
  branch = "master"
  digest = "1:e4b30804a381d7603b8a344009987c1ba351c26043501b23b8c7ce21f0b67474"
  name = "github.com/BurntSushi/toml"
  packages = ["."]
  pruneopts = ""
  revision = "3012a1dbe2e4bd1391d42b32f0577cb7bbc7f005"

[[projects]]
  branch = "master"
  digest = "1:4ca003aa4a0ae903c56c617caf974b3b8a7c3008ece40673ad1de841b03b2f9e"
  name = "github.com/abronan/valkeyrie"
  packages = [
    ".",
    "store",
  ]
  pruneopts = ""
  revision = "61bbc4571a5d3616b996b5b3fc0a04f302d5b340"

[[projects]]
  digest = "1:fd068f1f2b853a5f6091b0e3602e8973b4c170e284d8ae3290ba24ccfb762c47"
  name = "github.com/containous/flaeg"
  packages = [
    ".",
    "parse",
  ]
  pruneopts = ""
  revision = "c93d194b807ef171c43344d60adad8b58217390a"
  version = "v1.4.1"

[[projects]]
  digest = "1:500eeb45f30be2a17a83ddad55e355c8bed9450150197aab8c357f21f7c9322a"
  name = "github.com/containous/staert"
  packages = ["."]
  pruneopts = ""
  revision = "7a9987c3a6d46be84e141a5c3191347ec10af17d"
  version = "v3.1.2"

[[projects]]
  digest = "1:0deddd908b6b4b768cfc272c16ee61e7088a60f7fe2f06c547bd3d8e1f8b8e77"
  name = "github.com/davecgh/go-spew"
  packages = ["spew"]
  pruneopts = ""
  revision = "8991bc29aa16c548c550c7ff78260e27b9ab7c73"
  version = "v1.1.1"

[[projects]]
  digest = "1:3dd078fda7500c341bc26cfbc6c6a34614f295a2457149fc1045cab767cbcf18"
  name = "github.com/golang/protobuf"
  packages = ["proto"]
  pruneopts = ""
  revision = "aa810b61a9c79d51363740d207bb46cf8e620ed5"
  version = "v1.2.0"

[[projects]]
  branch = "master"
  digest = "1:4b02bca7e5cb1dedee1bde71b4997100b04a37dc0e4bf99f30fbc15d5cdadfcf"
  name = "github.com/google/go-github"
  packages = ["github"]
  pruneopts = ""
  revision = "94cd03c0c0b858a66ea286baedd59e66ef3f21dd"

[[projects]]
  digest = "1:cea4aa2038169ee558bf507d5ea02c94ca85bcca28a4c7bb99fd59b31e43a686"
  name = "github.com/google/go-querystring"
  packages = ["query"]
  pruneopts = ""
  revision = "44c6ddd0a2342c386950e880b658017258da92fc"
  version = "v1.0.0"

[[projects]]
  digest = "1:bcc46a0fbd9e933087bef394871256b5c60269575bb661935874729c65bbbf60"
  name = "github.com/mitchellh/mapstructure"
  packages = ["."]
  pruneopts = ""
  revision = "3536a929edddb9a5b34bd6861dc4a9647cb459fe"
  version = "v1.1.2"

[[projects]]
  branch = "master"
  digest = "1:c5321c18190f47a3cee2e4c357dde460cd66b22b324b97a17fc5145d934f9d56"
  name = "github.com/ogier/pflag"
  packages = ["."]
  pruneopts = ""
  revision = "45c278ab3607870051a2ea9040bb85fcb8557481"

[[projects]]
  digest = "1:256484dbbcd271f9ecebc6795b2df8cad4c458dd0f5fd82a8c2fa0c29f233411"
  name = "github.com/pmezard/go-difflib"
  packages = ["difflib"]
  pruneopts = ""
  revision = "792786c7400a136282c1664665ae0a8db921c6c2"
  version = "v1.0.0"

[[projects]]
  digest = "1:381bcbeb112a51493d9d998bbba207a529c73dbb49b3fd789e48c63fac1f192c"
  name = "github.com/stretchr/testify"
  packages = ["assert"]
  pruneopts = ""
  revision = "ffdc059bfe9ce6a4e144ba849dbedead332c6053"
  version = "v1.3.0"

[[projects]]
  branch = "master"
  digest = "1:1d52dac9bdc355f83ad9916bc657baa7d8735a108ae749da8e8d3513a1b15f28"
  name = "golang.org/x/net"
  packages = [
    "context",
    "context/ctxhttp",
  ]
  pruneopts = ""
  revision = "65e2d4e15006aab9813ff8769e768bbf4bb667a0"

[[projects]]
  branch = "master"
  digest = "1:7c2c0fc8c2891e50d5a8b57482d2fee63ce723eae40c1a59bf9c6a82ff13b775"
  name = "golang.org/x/oauth2"
  packages = [
    ".",
    "internal",
  ]
  pruneopts = ""
  revision = "99b60b757ec124ebb7d6b7e97f153b19c10ce163"

[[projects]]
  digest = "1:bc09e719c4e2a15d17163f5272d9a3131c45d77542b7fdc53ff518815bc19ab3"
  name = "google.golang.org/appengine"
  packages = [
    "internal",
    "internal/base",
    "internal/datastore",
    "internal/log",
    "internal/remote_api",
    "internal/urlfetch",
    "urlfetch",
  ]
  pruneopts = ""
  revision = "e9657d882bb81064595ca3b56cbe2546bbabf7b1"
  version = "v1.4.0"

[solve-meta]
  analyzer-name = "dep"
  analyzer-version = 1
  input-imports = [
    "github.com/containous/flaeg",
    "github.com/containous/staert",
    "github.com/google/go-github/github",
    "github.com/ogier/pflag",
    "github.com/stretchr/testify/assert",
    "golang.org/x/oauth2",
  ]
  solver-name = "gps-cdcl"
  solver-version = 1
